dependencies:
- name: bifrost
  repository: file://../bifrost
  version: 0.1.0
- name: sc2meta
  repository: file://../sc2meta
  version: 0.1.0
- name: torkeep
  repository: file://../torkeep
  version: 0.1.0
- name: search
  repository: file://../search
  version: 0.1.0
- name: argus
  repository: file://../argus
  version: 0.1.0
digest: sha256:221bac0f7ab96a9c2a90be028393944b09618c680f3f1a157586fe0f6f08f76c
generated: "2026-01-12T13:07:06.605774-08:00"
