dependencies:
- name: datalink
  repository: file://../bifrost
  version: 0.1.0
- name: meta
  repository: file://../sc2meta
  version: 0.1.0
- name: repo
  repository: file://../torkeep
  version: 0.1.0
- name: search
  repository: file://../search
  version: 0.1.0
- name: tap
  repository: file://../argus
  version: 0.1.0
digest: sha256:66d588b733c87a49bc4dce8d5608bfe6c52914d156e3e96ba0aeafe06e7920c2
generated: "2026-01-12T11:21:24.190068-08:00"
